
Microsoft Visual Studio Solution File, Format Version 12.00
# Visual Studio Version 16
VisualStudioVersion = 16.0.31321.278
MinimumVisualStudioVersion = 10.0.40219.1
Project("{FAE04EC0-301F-11D3-BF4B-00C04F79EFBC}") = "KutuphaneOtomasyonu3", "KutuphaneOtomasyonu3.csproj", "{A7839448-FCEC-45A2-8803-38962CD8604A}"
EndProject
Global
	GlobalSection(SolutionConfigurationPlatforms) = preSolution
		Debug|Any CPU = Debug|Any CPU
		Release|Any CPU = Release|Any CPU
	EndGlobalSection
	GlobalSection(ProjectConfigurationPlatforms) = postSolution
		{A7839448-FCEC-45A2-8803-38962CD8604A}.Debug|Any CPU.ActiveCfg = Debug|Any CPU
		{A7839448-FCEC-45A2-8803-38962CD8604A}.Debug|Any CPU.Build.0 = Debug|Any CPU
		{A7839448-FCEC-45A2-8803-38962CD8604A}.Release|Any CPU.ActiveCfg = Release|Any CPU
		{A7839448-FCEC-45A2-8803-38962CD8604A}.Release|Any CPU.Build.0 = Release|Any CPU
	EndGlobalSection
	GlobalSection(SolutionProperties) = preSolution
		HideSolutionNode = FALSE
	EndGlobalSection
	GlobalSection(ExtensibilityGlobals) = postSolution
		SolutionGuid = {66792C80-A43C-406B-9071-A541689A46D3}
	EndGlobalSection
EndGlobal
